
Microsoft Visual Studio Solution File, Format Version 12.00
# Visual Studio Version 16
VisualStudioVersion = 16.0.31605.320
MinimumVisualStudioVersion = 10.0.40219.1
Project("{FAE04EC0-301F-11D3-BF4B-00C04F79EFBC}") = "Virtual_Method", "Virtual_Method\Virtual_Method.csproj", "{2E0A3AD4-BAED-450A-A757-9049B80DC3B2}"
EndProject
Global
	GlobalSection(SolutionConfigurationPlatforms) = preSolution
		Debug|Any CPU = Debug|Any CPU
		Release|Any CPU = Release|Any CPU
	EndGlobalSection
	GlobalSection(ProjectConfigurationPlatforms) = postSolution
		{2E0A3AD4-BAED-450A-A757-9049B80DC3B2}.Debug|Any CPU.ActiveCfg = Debug|Any CPU
		{2E0A3AD4-BAED-450A-A757-9049B80DC3B2}.Debug|Any CPU.Build.0 = Debug|Any CPU
		{2E0A3AD4-BAED-450A-A757-9049B80DC3B2}.Release|Any CPU.ActiveCfg = Release|Any CPU
		{2E0A3AD4-BAED-450A-A757-9049B80DC3B2}.Release|Any CPU.Build.0 = Release|Any CPU
	EndGlobalSection
	GlobalSection(SolutionProperties) = preSolution
		HideSolutionNode = FALSE
	EndGlobalSection
	GlobalSection(ExtensibilityGlobals) = postSolution
		SolutionGuid = {DA4C07AF-6151-479A-B7F8-C754B1ED76D2}
	EndGlobalSection
EndGlobal
